
Microsoft Visual Studio Solution File, Format Version 12.00
# Visual Studio Version 17
VisualStudioVersion = 17.0.31903.59
MinimumVisualStudioVersion = 10.0.40219.1
Project("{2150E333-8FDC-42A3-9474-1A3956D46DE8}") = "src", "src", "{50B8D079-67C3-4577-819C-82C33E14E932}"
	ProjectSection(SolutionItems) = preProject
		src\ProyectoUML.drawio.svg = src\ProyectoUML.drawio.svg
	EndProjectSection
EndProject
Project("{FAE04EC0-301F-11D3-BF4B-00C04F79EFBC}") = "Program", "src\Program\Program.csproj", "{68EAE2F2-6833-468F-ACB8-7BDEBF0F6FD4}"
EndProject
Project("{FAE04EC0-301F-11D3-BF4B-00C04F79EFBC}") = "Library", "src\Library\Library.csproj", "{8A10783B-E3F8-488C-AC2C-7C05D681D0AA}"
EndProject
Project("{FAE04EC0-301F-11D3-BF4B-00C04F79EFBC}") = "Test", "Test\Test.csproj", "{C2715496-55CA-491B-9BF1-837B41275116}"
EndProject
Project("{2150E333-8FDC-42A3-9474-1A3956D46DE8}") = "Tests", "Tests", "{07081BCD-2748-4A5A-A59A-492F1C65707E}"
EndProject
Project("{FAE04EC0-301F-11D3-BF4B-00C04F79EFBC}") = "Library.Test", "Library.Test\Library.Test.csproj", "{27E5B022-1658-4C8F-A033-E3D407C911D2}"
EndProject
Global
	GlobalSection(SolutionConfigurationPlatforms) = preSolution
		Debug|Any CPU = Debug|Any CPU
		Release|Any CPU = Release|Any CPU
	EndGlobalSection
	GlobalSection(SolutionProperties) = preSolution
		HideSolutionNode = FALSE
	EndGlobalSection
	GlobalSection(ProjectConfigurationPlatforms) = postSolution
		{68EAE2F2-6833-468F-ACB8-7BDEBF0F6FD4}.Debug|Any CPU.ActiveCfg = Debug|Any CPU
		{68EAE2F2-6833-468F-ACB8-7BDEBF0F6FD4}.Debug|Any CPU.Build.0 = Debug|Any CPU
		{68EAE2F2-6833-468F-ACB8-7BDEBF0F6FD4}.Release|Any CPU.ActiveCfg = Release|Any CPU
		{68EAE2F2-6833-468F-ACB8-7BDEBF0F6FD4}.Release|Any CPU.Build.0 = Release|Any CPU
		{8A10783B-E3F8-488C-AC2C-7C05D681D0AA}.Debug|Any CPU.ActiveCfg = Debug|Any CPU
		{8A10783B-E3F8-488C-AC2C-7C05D681D0AA}.Debug|Any CPU.Build.0 = Debug|Any CPU
		{8A10783B-E3F8-488C-AC2C-7C05D681D0AA}.Release|Any CPU.ActiveCfg = Release|Any CPU
		{8A10783B-E3F8-488C-AC2C-7C05D681D0AA}.Release|Any CPU.Build.0 = Release|Any CPU
		{C2715496-55CA-491B-9BF1-837B41275116}.Debug|Any CPU.ActiveCfg = Debug|Any CPU
		{C2715496-55CA-491B-9BF1-837B41275116}.Debug|Any CPU.Build.0 = Debug|Any CPU
		{C2715496-55CA-491B-9BF1-837B41275116}.Release|Any CPU.ActiveCfg = Release|Any CPU
		{C2715496-55CA-491B-9BF1-837B41275116}.Release|Any CPU.Build.0 = Release|Any CPU
		{27E5B022-1658-4C8F-A033-E3D407C911D2}.Debug|Any CPU.ActiveCfg = Debug|Any CPU
		{27E5B022-1658-4C8F-A033-E3D407C911D2}.Debug|Any CPU.Build.0 = Debug|Any CPU
		{27E5B022-1658-4C8F-A033-E3D407C911D2}.Release|Any CPU.ActiveCfg = Release|Any CPU
		{27E5B022-1658-4C8F-A033-E3D407C911D2}.Release|Any CPU.Build.0 = Release|Any CPU
	EndGlobalSection
	GlobalSection(NestedProjects) = preSolution
		{68EAE2F2-6833-468F-ACB8-7BDEBF0F6FD4} = {50B8D079-67C3-4577-819C-82C33E14E932}
		{8A10783B-E3F8-488C-AC2C-7C05D681D0AA} = {50B8D079-67C3-4577-819C-82C33E14E932}
		{27E5B022-1658-4C8F-A033-E3D407C911D2} = {07081BCD-2748-4A5A-A59A-492F1C65707E}
	EndGlobalSection
EndGlobal
